
Microsoft Visual Studio Solution File, Format Version 12.00
# Visual Studio 15
VisualStudioVersion = 15.0.28010.2019
MinimumVisualStudioVersion = 10.0.40219.1
Project("{FAE04EC0-301F-11D3-BF4B-00C04F79EFBC}") = "DSP.Lab1", "DSP.Lab1\DSP.Lab1.csproj", "{722A6AA5-8EF5-4D8D-A483-6630C66C8600}"
EndProject
Project("{FAE04EC0-301F-11D3-BF4B-00C04F79EFBC}") = "DSP.Lab_1", "DSP.Lab_1\DSP.Lab_1.csproj", "{62D58A4B-E932-493C-946F-A10510C21279}"
EndProject
Global
	GlobalSection(SolutionConfigurationPlatforms) = preSolution
		Debug|Any CPU = Debug|Any CPU
		Release|Any CPU = Release|Any CPU
	EndGlobalSection
	GlobalSection(ProjectConfigurationPlatforms) = postSolution
		{722A6AA5-8EF5-4D8D-A483-6630C66C8600}.Debug|Any CPU.ActiveCfg = Debug|Any CPU
		{722A6AA5-8EF5-4D8D-A483-6630C66C8600}.Debug|Any CPU.Build.0 = Debug|Any CPU
		{722A6AA5-8EF5-4D8D-A483-6630C66C8600}.Release|Any CPU.ActiveCfg = Release|Any CPU
		{722A6AA5-8EF5-4D8D-A483-6630C66C8600}.Release|Any CPU.Build.0 = Release|Any CPU
		{62D58A4B-E932-493C-946F-A10510C21279}.Debug|Any CPU.ActiveCfg = Debug|Any CPU
		{62D58A4B-E932-493C-946F-A10510C21279}.Debug|Any CPU.Build.0 = Debug|Any CPU
		{62D58A4B-E932-493C-946F-A10510C21279}.Release|Any CPU.ActiveCfg = Release|Any CPU
		{62D58A4B-E932-493C-946F-A10510C21279}.Release|Any CPU.Build.0 = Release|Any CPU
	EndGlobalSection
	GlobalSection(SolutionProperties) = preSolution
		HideSolutionNode = FALSE
	EndGlobalSection
	GlobalSection(ExtensibilityGlobals) = postSolution
		SolutionGuid = {64CA68DC-F839-4930-B9DE-20EA1934E097}
	EndGlobalSection
EndGlobal
